{
  "name": "@manifoldfinance/archerdao-api",
  "version": "0.1.0",
  "lockfileVersion": 1,
  "requires": true,
  "dependencies": {
    "@arr/every": {
      "version": "1.0.1",
      "resolved": "https://registry.npmjs.org/@arr/every/-/every-1.0.1.tgz",
      "integrity": "sha512-UQFQ6SgyJ6LX42W8rHCs8KVc0JS0tzVL9ct4XYedJukskYVWTo49tNiMEK9C2HTyarbNiT/RVIRSY82vH+6sTg==",
      "dev": true
    },
    "@exodus/schemasafe": {
      "version": "1.0.0-rc.3",
      "resolved": "https://registry.npmjs.org/@exodus/schemasafe/-/schemasafe-1.0.0-rc.3.tgz",
      "integrity": "sha512-GoXw0U2Qaa33m3eUcxuHnHpNvHjNlLo0gtV091XBpaRINaB4X6FGCG5XKxSFNFiPpugUDqNruHzaqpTdDm4AOg==",
      "dev": true
    },
    "@polka/url": {
      "version": "0.5.0",
      "resolved": "https://registry.npmjs.org/@polka/url/-/url-0.5.0.tgz",
      "integrity": "sha512-oZLYFEAzUKyi3SKnXvj32ZCEGH6RDnao7COuCVhDydMS9NrCSVXhM79VaKyP5+Zc33m0QXEd2DN3UkU7OsHcfw==",
      "dev": true
    },
    "argparse": {
      "version": "1.0.10",
      "resolved": "https://registry.npmjs.org/argparse/-/argparse-1.0.10.tgz",
      "integrity": "sha512-o5Roy6tNG4SL/FOkCAN6RzjiakZS25RLYFrcMttJqbdd8BWrnA+fGz57iN5Pb06pvBGvl5gQ0B48dJlslXvoTg==",
      "dev": true,
      "requires": {
        "sprintf-js": "~1.0.2"
      }
    },
    "asynckit": {
      "version": "0.4.0",
      "resolved": "https://registry.npmjs.org/asynckit/-/asynckit-0.4.0.tgz",
      "integrity": "sha1-x57Zf380y48robyXkLzDZkdLS3k=",
      "dev": true
    },
    "centra": {
      "version": "2.4.2",
      "resolved": "https://registry.npmjs.org/centra/-/centra-2.4.2.tgz",
      "integrity": "sha512-f1RaP0V1HqVNEXfLfjNBthB2yy3KnSGnPCnOPCFLUk9e/Z4rNJ8nBaJNnghflnp88mi1IT8mfmW+HlMS1/H+bg==",
      "dev": true
    },
    "combined-stream": {
      "version": "1.0.8",
      "resolved": "https://registry.npmjs.org/combined-stream/-/combined-stream-1.0.8.tgz",
      "integrity": "sha512-FQN4MRfuJeHf7cBbBMJFXhKSDq+2kAArBlmRBvcvFE5BB1HZKXtSFASDhdlz9zOYwxh8lDdnvmMOe/+5cdoEdg==",
      "dev": true,
      "requires": {
        "delayed-stream": "~1.0.0"
      }
    },
    "deep-override": {
      "version": "1.0.1",
      "resolved": "https://registry.npmjs.org/deep-override/-/deep-override-1.0.1.tgz",
      "integrity": "sha512-ygTX7JJAlk62lMwyf4z3BBeFeUyZudN1t52/xIx1t/4eD0QxOJx2N7+0gDG3g2jjYV1vwznIiFePNFu42kcRdw==",
      "dev": true
    },
    "delayed-stream": {
      "version": "1.0.0",
      "resolved": "https://registry.npmjs.org/delayed-stream/-/delayed-stream-1.0.0.tgz",
      "integrity": "sha1-3zrhmayt+31ECqrgsp4icrJOxhk=",
      "dev": true
    },
    "esprima": {
      "version": "4.0.1",
      "resolved": "https://registry.npmjs.org/esprima/-/esprima-4.0.1.tgz",
      "integrity": "sha512-eGuFFw7Upda+g4p+QHvnW0RyTX/SVeJBDM/gCtMARO0cLuT2HcEKnTPvhjV6aGeqrCB/sbNop0Kszm0jsaWU4A==",
      "dev": true
    },
    "form-data": {
      "version": "3.0.0",
      "resolved": "https://registry.npmjs.org/form-data/-/form-data-3.0.0.tgz",
      "integrity": "sha512-CKMFDglpbMi6PyN+brwB9Q/GOw0eAnsrEZDgcsH5Krhz5Od/haKHAX0NmQfha2zPPz0JpWzA7GJHGSnvCRLWsg==",
      "dev": true,
      "requires": {
        "asynckit": "^0.4.0",
        "combined-stream": "^1.0.8",
        "mime-types": "^2.1.12"
      }
    },
    "js-yaml": {
      "version": "3.14.1",
      "resolved": "https://registry.npmjs.org/js-yaml/-/js-yaml-3.14.1.tgz",
      "integrity": "sha512-okMH7OXXJ7YrN9Ok3/SXrnu4iX9yOk+25nqX4imS2npuvTYDmo/QEZoqwZkYaIDk3jVvBOTOIEgEhaLOynBS9g==",
      "dev": true,
      "requires": {
        "argparse": "^1.0.7",
        "esprima": "^4.0.0"
      }
    },
    "json-query": {
      "version": "2.2.2",
      "resolved": "https://registry.npmjs.org/json-query/-/json-query-2.2.2.tgz",
      "integrity": "sha1-tlWLijeUzNIXkmqjgCQyS3e0irE=",
      "dev": true
    },
    "klona": {
      "version": "2.0.4",
      "resolved": "https://registry.npmjs.org/klona/-/klona-2.0.4.tgz",
      "integrity": "sha512-ZRbnvdg/NxqzC7L9Uyqzf4psi1OM4Cuc+sJAkQPjO6XkQIJTNbfK2Rsmbw8fx1p2mkZdp2FZYo2+LwXYY/uwIA==",
      "dev": true
    },
    "matchit": {
      "version": "1.1.0",
      "resolved": "https://registry.npmjs.org/matchit/-/matchit-1.1.0.tgz",
      "integrity": "sha512-+nGYoOlfHmxe5BW5tE0EMJppXEwdSf8uBA1GTZC7Q77kbT35+VKLYJMzVNWCHSsga1ps1tPYFtFyvxvKzWVmMA==",
      "dev": true,
      "requires": {
        "@arr/every": "^1.0.0"
      }
    },
    "mime-db": {
      "version": "1.45.0",
      "resolved": "https://registry.npmjs.org/mime-db/-/mime-db-1.45.0.tgz",
      "integrity": "sha512-CkqLUxUk15hofLoLyljJSrukZi8mAtgd+yE5uO4tqRZsdsAJKv0O+rFMhVDRJgozy+yG6md5KwuXhD4ocIoP+w==",
      "dev": true
    },
    "mime-types": {
      "version": "2.1.28",
      "resolved": "https://registry.npmjs.org/mime-types/-/mime-types-2.1.28.tgz",
      "integrity": "sha512-0TO2yJ5YHYr7M2zzT7gDU1tbwHxEUWBCLt0lscSNpcdAfFyJOVEpRYNS7EXVcTLNj/25QO8gulHC5JtTzSE2UQ==",
      "dev": true,
      "requires": {
        "mime-db": "1.45.0"
      }
    },
    "openapi-fuzzer-core": {
      "version": "1.0.6",
      "resolved": "https://registry.npmjs.org/openapi-fuzzer-core/-/openapi-fuzzer-core-1.0.6.tgz",
      "integrity": "sha512-FJNJIfgUFuv4NmVGq9MYdoKra2GrkDy2uhIjE2YGlw30UA1glf4SXLMhI4UwdcJ8jisKdIxi7lXrfej8GvNW5w==",
      "dev": true,
      "requires": {
        "klona": "^2.0.4"
      }
    },
    "pactum": {
      "version": "3.0.4",
      "resolved": "https://registry.npmjs.org/pactum/-/pactum-3.0.4.tgz",
      "integrity": "sha512-otFQiOV0VSQ+IFJirMKznY8yza9Hniz/rI1MnB1rHtVecxPodkYUCRY2ViYs+VZ3P+JCQdUKvd7TalT/tYbHiw==",
      "dev": true,
      "requires": {
        "@exodus/schemasafe": "^1.0.0-rc.2",
        "deep-override": "^1.0.1",
        "form-data": "^3.0.0",
        "json-query": "^2.2.2",
        "openapi-fuzzer-core": "^1.0.6",
        "pactum-matchers": "^1.0.0",
        "parse-graphql": "^1.0.0",
        "phin": "^3.4.1",
        "polka": "^0.5.2"
      }
    },
    "pactum-json-reporter": {
      "version": "1.0.0",
      "resolved": "https://registry.npmjs.org/pactum-json-reporter/-/pactum-json-reporter-1.0.0.tgz",
      "integrity": "sha512-T5VwuqRXeM7NOaBovK2DaF5/d7FuJ+Y6MfZHfIjMvB1RQRzLppIb/CQlqSRmo3ZPDNwMQ8suf1P81UR+y2gMeQ==",
      "dev": true
    },
    "pactum-matchers": {
      "version": "1.0.0",
      "resolved": "https://registry.npmjs.org/pactum-matchers/-/pactum-matchers-1.0.0.tgz",
      "integrity": "sha512-4qSMZwbYAXdWPQgdhP74HWXAN8fe6+RPqcyAt+btZVbJCd2nZGhq2fvucCry0n0CyxlUAIRtpZxSpNGu72920w==",
      "dev": true
    },
    "pactum-swagger-coverage": {
      "version": "1.0.0",
      "resolved": "https://registry.npmjs.org/pactum-swagger-coverage/-/pactum-swagger-coverage-1.0.0.tgz",
      "integrity": "sha512-mORFP8QdVX5agGXTcfSqqu9P0akzL1uvR2mXAD/Cydwng6+DRCQuMfD5gpBeQDFBZ4HYqGeWylkkxK9oCr9Xkg==",
      "dev": true,
      "requires": {
        "js-yaml": "^3.14.0",
        "phin": "^3.5.0"
      }
    },
    "parse-graphql": {
      "version": "1.0.0",
      "resolved": "https://registry.npmjs.org/parse-graphql/-/parse-graphql-1.0.0.tgz",
      "integrity": "sha512-NjvQHHaiPCxPZrhm/kKnorxOv7r/eA+tE0VW5E8iJMH9wTqFA1V0YK/7nbpxVu3JdXUxyWTKMez9lsHUtAwa0w==",
      "dev": true
    },
    "phin": {
      "version": "3.5.1",
      "resolved": "https://registry.npmjs.org/phin/-/phin-3.5.1.tgz",
      "integrity": "sha512-jgFO28IaiWAl0xk+zmqVx7neKVokWKU8YTQC5QlB45SZnEE53LH2saqJIcyIV557VX3Gk+TdR4rwWTc3P83DSA==",
      "dev": true,
      "requires": {
        "centra": "^2.4.2"
      }
    },
    "polka": {
      "version": "0.5.2",
      "resolved": "https://registry.npmjs.org/polka/-/polka-0.5.2.tgz",
      "integrity": "sha512-FVg3vDmCqP80tOrs+OeNlgXYmFppTXdjD5E7I4ET1NjvtNmQrb1/mJibybKkb/d4NA7YWAr1ojxuhpL3FHqdlw==",
      "dev": true,
      "requires": {
        "@polka/url": "^0.5.0",
        "trouter": "^2.0.1"
      }
    },
    "sprintf-js": {
      "version": "1.0.3",
      "resolved": "https://registry.npmjs.org/sprintf-js/-/sprintf-js-1.0.3.tgz",
      "integrity": "sha1-BOaSb2YolTVPPdAVIDYzuFcpfiw=",
      "dev": true
    },
    "trouter": {
      "version": "2.0.1",
      "resolved": "https://registry.npmjs.org/trouter/-/trouter-2.0.1.tgz",
      "integrity": "sha512-kr8SKKw94OI+xTGOkfsvwZQ8mWoikZDd2n8XZHjJVZUARZT+4/VV6cacRS6CLsH9bNm+HFIPU1Zx4CnNnb4qlQ==",
      "dev": true,
      "requires": {
        "matchit": "^1.0.0"
      }
    }
  }
}
